
Microsoft Visual Studio Solution File, Format Version 12.00
# Visual Studio Version 17
VisualStudioVersion = 17.11.35327.3
MinimumVisualStudioVersion = 10.0.40219.1
Project("{E24C65DC-7377-472B-9ABA-BC803B73C61A}") = "ServiceWCF", "ServiceWCF\", "{0D32E005-8477-4754-95B2-3D3DA042F11C}"
	ProjectSection(WebsiteProperties) = preProject
		TargetFrameworkMoniker = ".NETFramework,Version%3Dv4.7.2"
		Debug.AspNetCompiler.VirtualPath = "/localhost_52285"
		Debug.AspNetCompiler.PhysicalPath = "ServiceWCF\"
		Debug.AspNetCompiler.TargetPath = "PrecompiledWeb\localhost_52285\"
		Debug.AspNetCompiler.Updateable = "true"
		Debug.AspNetCompiler.ForceOverwrite = "true"
		Debug.AspNetCompiler.FixedNames = "false"
		Debug.AspNetCompiler.Debug = "True"
		Release.AspNetCompiler.VirtualPath = "/localhost_52285"
		Release.AspNetCompiler.PhysicalPath = "ServiceWCF\"
		Release.AspNetCompiler.TargetPath = "PrecompiledWeb\localhost_52285\"
		Release.AspNetCompiler.Updateable = "true"
		Release.AspNetCompiler.ForceOverwrite = "true"
		Release.AspNetCompiler.FixedNames = "false"
		Release.AspNetCompiler.Debug = "False"
		VWDPort = "52285"
		SlnRelativePath = "ServiceWCF\"
		DefaultWebSiteLanguage = "Visual C#"
	EndProjectSection
EndProject
Project("{FAE04EC0-301F-11D3-BF4B-00C04F79EFBC}") = "ClientWCF", "ClientWCF\ClientWCF.csproj", "{DB451F24-31E4-498A-9D4F-73360A255041}"
	ProjectSection(ProjectDependencies) = postProject
		{0D32E005-8477-4754-95B2-3D3DA042F11C} = {0D32E005-8477-4754-95B2-3D3DA042F11C}
	EndProjectSection
EndProject
Global
	GlobalSection(SolutionConfigurationPlatforms) = preSolution
		Debug|Any CPU = Debug|Any CPU
		Release|Any CPU = Release|Any CPU
	EndGlobalSection
	GlobalSection(ProjectConfigurationPlatforms) = postSolution
		{0D32E005-8477-4754-95B2-3D3DA042F11C}.Debug|Any CPU.ActiveCfg = Debug|Any CPU
		{0D32E005-8477-4754-95B2-3D3DA042F11C}.Debug|Any CPU.Build.0 = Debug|Any CPU
		{0D32E005-8477-4754-95B2-3D3DA042F11C}.Release|Any CPU.ActiveCfg = Debug|Any CPU
		{0D32E005-8477-4754-95B2-3D3DA042F11C}.Release|Any CPU.Build.0 = Debug|Any CPU
		{DB451F24-31E4-498A-9D4F-73360A255041}.Debug|Any CPU.ActiveCfg = Debug|Any CPU
		{DB451F24-31E4-498A-9D4F-73360A255041}.Debug|Any CPU.Build.0 = Debug|Any CPU
		{DB451F24-31E4-498A-9D4F-73360A255041}.Release|Any CPU.ActiveCfg = Release|Any CPU
		{DB451F24-31E4-498A-9D4F-73360A255041}.Release|Any CPU.Build.0 = Release|Any CPU
	EndGlobalSection
	GlobalSection(SolutionProperties) = preSolution
		HideSolutionNode = FALSE
	EndGlobalSection
	GlobalSection(ExtensibilityGlobals) = postSolution
		SolutionGuid = {20E1BBC6-BDE3-4EBA-A8F6-18B0D03E9B61}
	EndGlobalSection
EndGlobal
